
Microsoft Visual Studio Solution File, Format Version 12.00
# Visual Studio Version 16
VisualStudioVersion = 16.0.31613.86
MinimumVisualStudioVersion = 10.0.40219.1
Project("{FAE04EC0-301F-11D3-BF4B-00C04F79EFBC}") = "Homework2810", "Homework2810\Homework2810.csproj", "{99A3BF98-B15C-4E14-8742-AFA881FF26A4}"
EndProject
Global
	GlobalSection(SolutionConfigurationPlatforms) = preSolution
		Debug|Any CPU = Debug|Any CPU
		Release|Any CPU = Release|Any CPU
	EndGlobalSection
	GlobalSection(ProjectConfigurationPlatforms) = postSolution
		{99A3BF98-B15C-4E14-8742-AFA881FF26A4}.Debug|Any CPU.ActiveCfg = Debug|Any CPU
		{99A3BF98-B15C-4E14-8742-AFA881FF26A4}.Debug|Any CPU.Build.0 = Debug|Any CPU
		{99A3BF98-B15C-4E14-8742-AFA881FF26A4}.Release|Any CPU.ActiveCfg = Release|Any CPU
		{99A3BF98-B15C-4E14-8742-AFA881FF26A4}.Release|Any CPU.Build.0 = Release|Any CPU
	EndGlobalSection
	GlobalSection(SolutionProperties) = preSolution
		HideSolutionNode = FALSE
	EndGlobalSection
	GlobalSection(ExtensibilityGlobals) = postSolution
		SolutionGuid = {4989082A-1E99-454C-A77D-84BFD3DEA7D0}
	EndGlobalSection
EndGlobal
