
Microsoft Visual Studio Solution File, Format Version 12.00
# Visual Studio Version 16
VisualStudioVersion = 16.0.31613.86
MinimumVisualStudioVersion = 10.0.40219.1
Project("{FAE04EC0-301F-11D3-BF4B-00C04F79EFBC}") = "Fiorello", "Fiorello\Fiorello.csproj", "{1E579263-293B-4138-AB4B-9D766BB69A92}"
EndProject
Global
	GlobalSection(SolutionConfigurationPlatforms) = preSolution
		Debug|Any CPU = Debug|Any CPU
		Release|Any CPU = Release|Any CPU
	EndGlobalSection
	GlobalSection(ProjectConfigurationPlatforms) = postSolution
		{1E579263-293B-4138-AB4B-9D766BB69A92}.Debug|Any CPU.ActiveCfg = Debug|Any CPU
		{1E579263-293B-4138-AB4B-9D766BB69A92}.Debug|Any CPU.Build.0 = Debug|Any CPU
		{1E579263-293B-4138-AB4B-9D766BB69A92}.Release|Any CPU.ActiveCfg = Release|Any CPU
		{1E579263-293B-4138-AB4B-9D766BB69A92}.Release|Any CPU.Build.0 = Release|Any CPU
	EndGlobalSection
	GlobalSection(SolutionProperties) = preSolution
		HideSolutionNode = FALSE
	EndGlobalSection
	GlobalSection(ExtensibilityGlobals) = postSolution
		SolutionGuid = {4EC08476-44C2-4E66-9A48-F1D8F7F98D98}
	EndGlobalSection
EndGlobal
